uuid: 65cc92c5-bfda-42e8-96f1-35bf23869135
langcode: ru
status: true
dependencies: {  }
_core:
  default_config_hash: iFMmv2owmekqaZDeNo77qRmI_7RyDxqj5w3dBmarxL0
id: d_p_single_text_block
label: 'Single block text'
icon_uuid: null
icon_default: null
description: 'A paragraph to use with "List of text blocks" and "Side by side".'
behavior_plugins: {  }
